PODS:
  - Alamofire (5.2.2)
  - Kingfisher (5.15.4):
    - Kingfisher/Core (= 5.15.4)
  - Kingfisher/Core (5.15.4)
  - Moya/Core (14.0.0):
    - Alamofire (~> 5.0)
  - Moya/RxSwift (14.0.0):
    - Moya/Core
    - RxSwift (~> 5.0)
  - RxBlocking (5.1.1):
    - RxSwift (~> 5)
  - RxSwift (5.1.1)
  - RxTest (5.1.1):
    - RxSwift (~> 5)

DEPENDENCIES:
  - Kingfisher (~> 5.0)
  - Moya/RxSwift (~> 14.0)
  - RxBlocking (~> 5.0)
  - RxSwift (~> 5.0)
  - RxTest (~> 5.0)

SPEC REPOS:
  trunk:
    - Alamofire
    - Kingfisher
    - Moya
    - RxBlocking
    - RxSwift
    - RxTest

SPEC CHECKSUMS:
  Alamofire: 814429acc853c6c54ff123fc3d2ef66803823ce0
  Kingfisher: 657dc1077e5bbbfff864194c79f29e35b722d062
  Moya: 5b45dacb75adb009f97fde91c204c1e565d31916
  RxBlocking: 5f700a78cad61ce253ebd37c9a39b5ccc76477b4
  RxSwift: 81470a2074fa8780320ea5fe4102807cb7118178
  RxTest: 711632d5644dffbeb62c936a521b5b008a1e1faa

PODFILE CHECKSUM: 150a46d40cd452693af5860c40fa4b9910d8b39b

COCOAPODS: 1.9.1
